
Microsoft Visual Studio Solution File, Format Version 9.00
# Visual Studio 2005
Project("{FAE04EC0-301F-11D3-BF4B-00C04F79EFBC}") = "GiftEjecutor", "GiftEjecutor\GiftEjecutor.csproj", "{07B7ABBA-24F3-480F-A887-5FDD17590E2E}"
EndProject
Global
	GlobalSection(SolutionConfigurationPlatforms) = preSolution
		Debug|Any CPU = Debug|Any CPU
		Release|Any CPU = Release|Any CPU
	EndGlobalSection
	GlobalSection(ProjectConfigurationPlatforms) = postSolution
		{07B7ABBA-24F3-480F-A887-5FDD17590E2E}.Debug|Any CPU.ActiveCfg = Debug|Any CPU
		{07B7ABBA-24F3-480F-A887-5FDD17590E2E}.Debug|Any CPU.Build.0 = Debug|Any CPU
		{07B7ABBA-24F3-480F-A887-5FDD17590E2E}.Release|Any CPU.ActiveCfg = Release|Any CPU
		{07B7ABBA-24F3-480F-A887-5FDD17590E2E}.Release|Any CPU.Build.0 = Release|Any CPU
	EndGlobalSection
	GlobalSection(SolutionProperties) = preSolution
		HideSolutionNode = FALSE
	EndGlobalSection
EndGlobal
